
Microsoft Visual Studio Solution File, Format Version 12.00
# Visual Studio Version 17
VisualStudioVersion = 17.7.34003.232
MinimumVisualStudioVersion = 10.0.40219.1
Project("{8BC9CEB8-8B4A-11D0-8D11-00A0C91BC942}") = "DSA", "DSA\DSA.vcxproj", "{9B85FB01-CB1F-404D-BB68-FEEBEE9C3C3C}"
EndProject
Project("{8BC9CEB8-8B4A-11D0-8D11-00A0C91BC942}") = "unit-test", "unit-test\unit-test.vcxproj", "{99D05A44-F7C5-42A3-A4A4-60EC966B088C}"
EndProject
Global
	GlobalSection(SolutionConfigurationPlatforms) = preSolution
		Debug|x64 = Debug|x64
		Debug|x86 = Debug|x86
		Release|x64 = Release|x64
		Release|x86 = Release|x86
	EndGlobalSection
	GlobalSection(ProjectConfigurationPlatforms) = postSolution
		{9B85FB01-CB1F-404D-BB68-FEEBEE9C3C3C}.Debug|x64.ActiveCfg = Debug|x64
		{9B85FB01-CB1F-404D-BB68-FEEBEE9C3C3C}.Debug|x64.Build.0 = Debug|x64
		{9B85FB01-CB1F-404D-BB68-FEEBEE9C3C3C}.Debug|x86.ActiveCfg = Debug|Win32
		{9B85FB01-CB1F-404D-BB68-FEEBEE9C3C3C}.Debug|x86.Build.0 = Debug|Win32
		{9B85FB01-CB1F-404D-BB68-FEEBEE9C3C3C}.Release|x64.ActiveCfg = Release|x64
		{9B85FB01-CB1F-404D-BB68-FEEBEE9C3C3C}.Release|x64.Build.0 = Release|x64
		{9B85FB01-CB1F-404D-BB68-FEEBEE9C3C3C}.Release|x86.ActiveCfg = Release|Win32
		{9B85FB01-CB1F-404D-BB68-FEEBEE9C3C3C}.Release|x86.Build.0 = Release|Win32
		{99D05A44-F7C5-42A3-A4A4-60EC966B088C}.Debug|x64.ActiveCfg = Debug|x64
		{99D05A44-F7C5-42A3-A4A4-60EC966B088C}.Debug|x64.Build.0 = Debug|x64
		{99D05A44-F7C5-42A3-A4A4-60EC966B088C}.Debug|x86.ActiveCfg = Debug|Win32
		{99D05A44-F7C5-42A3-A4A4-60EC966B088C}.Debug|x86.Build.0 = Debug|Win32
		{99D05A44-F7C5-42A3-A4A4-60EC966B088C}.Release|x64.ActiveCfg = Release|x64
		{99D05A44-F7C5-42A3-A4A4-60EC966B088C}.Release|x64.Build.0 = Release|x64
		{99D05A44-F7C5-42A3-A4A4-60EC966B088C}.Release|x86.ActiveCfg = Release|Win32
		{99D05A44-F7C5-42A3-A4A4-60EC966B088C}.Release|x86.Build.0 = Release|Win32
	EndGlobalSection
	GlobalSection(SolutionProperties) = preSolution
		HideSolutionNode = FALSE
	EndGlobalSection
	GlobalSection(ExtensibilityGlobals) = postSolution
		SolutionGuid = {BA3EFA21-15AE-459B-A41D-9838DA214518}
	EndGlobalSection
EndGlobal
