<?xml version="1.0" encoding="utf-8"?>
<Project ToolsVersion="4.0" xmlns="http://schemas.microsoft.com/developer/msbuild/2003">
  <ItemGroup>
    <Filter Include="Source Files">
      <UniqueIdentifier>{4FC737F1-C7A5-4376-A066-2A32D752A2FF}</UniqueIdentifier>
      <Extensions>cpp;c;cc;cxx;c++;cppm;ixx;def;odl;idl;hpj;bat;asm;asmx</Extensions>
    </Filter>
    <Filter Include="Header Files">
      <UniqueIdentifier>{93995380-89BD-4b04-88EB-625FBE52EBFB}</UniqueIdentifier>
      <Extensions>h;hh;hpp;hxx;h++;hm;inl;inc;ipp;xsd</Extensions>
    </Filter>
    <Filter Include="Resource Files">
      <UniqueIdentifier>{67DA6AB6-F800-4c08-8B7A-83BB121AAD01}</UniqueIdentifier>
      <Extensions>rc;ico;cur;bmp;dlg;rc2;rct;bin;rgs;gif;jpg;jpeg;jpe;resx;tiff;tif;png;wav;mfcribbon-ms</Extensions>
    </Filter>
  </ItemGroup>
  <ItemGroup>
    <ClCompile Include="src\leetcode\arrays-and-hashing\217_contains_duplicate.cpp">
      <Filter>Source Files</Filter>
    </ClCompile>
    <ClCompile Include="pch.cpp">
      <Filter>Source Files</Filter>
    </ClCompile>
    <ClCompile Include="src\leetcode\arrays-and-hashing\242_valid_anagram.cpp">
      <Filter>Source Files</Filter>
    </ClCompile>
    <ClCompile Include="src\leetcode\arrays-and-hashing\1_two_sum.cpp">
      <Filter>Source Files</Filter>
    </ClCompile>
    <ClCompile Include="src\leetcode\arrays-and-hashing\49_group_anagrams.cpp">
      <Filter>Source Files</Filter>
    </ClCompile>
    <ClCompile Include="src\leetcode\arrays-and-hashing\347_top_k_frequent_elements.cpp">
      <Filter>Source Files</Filter>
    </ClCompile>
    <ClCompile Include="src\leetcode\arrays-and-hashing\238_product_of_array_except_self.cpp">
      <Filter>Source Files</Filter>
    </ClCompile>
    <ClCompile Include="src\leetcode\arrays-and-hashing\271_encode_and_decode_strings.cpp">
      <Filter>Source Files</Filter>
    </ClCompile>
    <ClCompile Include="src\leetcode\arrays-and-hashing\128_longest_consecutive_sequence.cpp">
      <Filter>Source Files</Filter>
    </ClCompile>
    <ClCompile Include="src\leetcode\two-pointers\125_valid_palindrome.cpp">
      <Filter>Source Files</Filter>
    </ClCompile>
    <ClCompile Include="src\leetcode\two-pointers\15_3_sum.cpp">
      <Filter>Source Files</Filter>
    </ClCompile>
    <ClCompile Include="src\leetcode\two-pointers\11_container_with_most_water.cpp">
      <Filter>Source Files</Filter>
    </ClCompile>
    <ClCompile Include="src\leetcode\sliding-window\121_best_time_to_buy_and_sell_stock.cpp">
      <Filter>Source Files</Filter>
    </ClCompile>
    <ClCompile Include="src\leetcode\sliding-window\3_longest_substring_without_repeating_characters.cpp">
      <Filter>Source Files</Filter>
    </ClCompile>
    <ClCompile Include="src\leetcode\sliding-window\424_longest_repeating_character_replacement.cpp">
      <Filter>Source Files</Filter>
    </ClCompile>
    <ClCompile Include="src\leetcode\sliding-window\76_minimum_window_substring.cpp">
      <Filter>Source Files</Filter>
    </ClCompile>
    <ClCompile Include="src\leetcode\stack\20_valid_parantheses.cpp">
      <Filter>Source Files</Filter>
    </ClCompile>
    <ClCompile Include="src\leetcode\binary-search\153_find_minimum_in_rotated_sorted_array.cpp">
      <Filter>Source Files</Filter>
    </ClCompile>
    <ClCompile Include="src\leetcode\binary-search\33_search_in_rotated_sorted_array.cpp">
      <Filter>Source Files</Filter>
    </ClCompile>
    <ClCompile Include="src\leetcode\linked-list\206_reverse_linked_list.cpp">
      <Filter>Source Files</Filter>
    </ClCompile>
    <ClCompile Include="src\leetcode\linked-list\21_merge_two_sorted_lists.cpp">
      <Filter>Source Files</Filter>
    </ClCompile>
    <ClCompile Include="src\leetcode\linked-list\143_reorder_list.cpp">
      <Filter>Source Files</Filter>
    </ClCompile>
    <ClCompile Include="src\leetcode\linked-list\19_remove_nth_node_from_end_of_list.cpp">
      <Filter>Source Files</Filter>
    </ClCompile>
    <ClCompile Include="src\leetcode\linked-list\141_linked_list_cycle.cpp">
      <Filter>Source Files</Filter>
    </ClCompile>
    <ClCompile Include="src\leetcode\linked-list\23_merge_k_sorted_lists.cpp">
      <Filter>Source Files</Filter>
    </ClCompile>
    <ClCompile Include="src\leetcode\trees\226_invert_binary_tree.cpp">
      <Filter>Source Files</Filter>
    </ClCompile>
    <ClCompile Include="src\leetcode\trees\104_maximum_depth_of_binary_tree.cpp">
      <Filter>Source Files</Filter>
    </ClCompile>
    <ClCompile Include="src\leetcode\trees\100_same_tree.cpp">
      <Filter>Source Files</Filter>
    </ClCompile>
    <ClCompile Include="src\leetcode\trees\572_subtree_of_another_tree.cpp">
      <Filter>Source Files</Filter>
    </ClCompile>
    <ClCompile Include="src\leetcode\trees\235_lowest_common_ancestor_of_a_binary_search_tree.cpp">
      <Filter>Source Files</Filter>
    </ClCompile>
    <ClCompile Include="src\leetcode\trees\102_binary_tree_level_order_traversal.cpp">
      <Filter>Source Files</Filter>
    </ClCompile>
    <ClCompile Include="src\leetcode\trees\98_validate_binary_search_tree.cpp">
      <Filter>Source Files</Filter>
    </ClCompile>
    <ClCompile Include="src\leetcode\trees\230_kth_smallest_element_in_a_bst.cpp">
      <Filter>Source Files</Filter>
    </ClCompile>
    <ClCompile Include="src\leetcode\trees\105_construct_binary_tree_from_preorder_and_inorder_traversal.cpp">
      <Filter>Source Files</Filter>
    </ClCompile>
    <ClCompile Include="src\leetcode\trees\124_binary_tree_maximum_path_sum.cpp">
      <Filter>Source Files</Filter>
    </ClCompile>
    <ClCompile Include="src\leetcode\trees\297_serialize_and_deserialize_binary_tree.cpp">
      <Filter>Source Files</Filter>
    </ClCompile>
    <ClCompile Include="src\leetcode\tries\208_implement_trie.cpp">
      <Filter>Source Files</Filter>
    </ClCompile>
    <ClCompile Include="src\leetcode\tries\211_design_add_and_search_words_data_structure.cpp">
      <Filter>Source Files</Filter>
    </ClCompile>
    <ClCompile Include="src\leetcode\tries\212_word_search_ii.cpp">
      <Filter>Source Files</Filter>
    </ClCompile>
    <ClCompile Include="src\leetcode\heap-pqueue\295_find_median_from_data_stream.cpp">
      <Filter>Source Files</Filter>
    </ClCompile>
    <ClCompile Include="src\leetcode\backtracking\39_combination_sum.cpp">
      <Filter>Source Files</Filter>
    </ClCompile>
    <ClCompile Include="src\leetcode\backtracking\79_word_search.cpp">
      <Filter>Source Files</Filter>
    </ClCompile>
    <ClCompile Include="src\leetcode\graphs\200_number_of_islands.cpp">
      <Filter>Source Files</Filter>
    </ClCompile>
    <ClCompile Include="src\leetcode\graphs\133_clone_graph.cpp">
      <Filter>Source Files</Filter>
    </ClCompile>
    <ClCompile Include="src\leetcode\graphs\417_pacific_atlantic_water_flow.cpp">
      <Filter>Source Files</Filter>
    </ClCompile>
    <ClCompile Include="src\leetcode\graphs\207_course_schedule.cpp">
      <Filter>Source Files</Filter>
    </ClCompile>
    <ClCompile Include="src\leetcode\graphs\323_number_of_connected_componenets_in_an_undirected_graph.cpp">
      <Filter>Source Files</Filter>
    </ClCompile>
    <ClCompile Include="src\leetcode\graphs\261_graph_valid_tree.cpp">
      <Filter>Source Files</Filter>
    </ClCompile>
    <ClCompile Include="src\leetcode\advanced-graphs\269_alien_dictionary.cpp">
      <Filter>Source Files</Filter>
    </ClCompile>
    <ClCompile Include="src\leetcode\1d-dyanmic-programming\70_climbing_stairs.cpp">
      <Filter>Source Files</Filter>
    </ClCompile>
    <ClCompile Include="src\leetcode\1d-dyanmic-programming\198_house_robber.cpp">
      <Filter>Source Files</Filter>
    </ClCompile>
    <ClCompile Include="src\leetcode\1d-dyanmic-programming\213_house_robber_ii.cpp">
      <Filter>Source Files</Filter>
    </ClCompile>
    <ClCompile Include="src\leetcode\1d-dyanmic-programming\5_longest_palindromic_substring.cpp">
      <Filter>Source Files</Filter>
    </ClCompile>
    <ClCompile Include="src\leetcode\1d-dyanmic-programming\647_palindromic_substrings.cpp">
      <Filter>Source Files</Filter>
    </ClCompile>
    <ClCompile Include="src\leetcode\1d-dyanmic-programming\91_decode_ways.cpp">
      <Filter>Source Files</Filter>
    </ClCompile>
    <ClCompile Include="src\leetcode\1d-dyanmic-programming\322_coin_change.cpp">
      <Filter>Source Files</Filter>
    </ClCompile>
    <ClCompile Include="src\leetcode\1d-dyanmic-programming\152_maximum_product_subarray.cpp">
      <Filter>Source Files</Filter>
    </ClCompile>
    <ClCompile Include="src\leetcode\1d-dyanmic-programming\139_word_break.cpp">
      <Filter>Source Files</Filter>
    </ClCompile>
    <ClCompile Include="src\leetcode\1d-dyanmic-programming\300_longest_increasing_subsequence.cpp">
      <Filter>Source Files</Filter>
    </ClCompile>
    <ClCompile Include="src\leetcode\2d-dyanmic-programming\62_unique_paths.cpp">
      <Filter>Source Files</Filter>
    </ClCompile>
    <ClCompile Include="src\leetcode\2d-dyanmic-programming\1143_longest_common_subsequence.cpp">
      <Filter>Source Files</Filter>
    </ClCompile>
    <ClCompile Include="src\leetcode\greedy\53_maximum_subarray.cpp">
      <Filter>Source Files</Filter>
    </ClCompile>
    <ClCompile Include="src\leetcode\greedy\55_jump_game.cpp">
      <Filter>Source Files</Filter>
    </ClCompile>
    <ClCompile Include="src\leetcode\intervals\57_insert_interval.cpp">
      <Filter>Source Files</Filter>
    </ClCompile>
    <ClCompile Include="src\leetcode\intervals\56_merge_intervals.cpp">
      <Filter>Source Files</Filter>
    </ClCompile>
    <ClCompile Include="src\leetcode\intervals\435_non_overlapping_intervals.cpp">
      <Filter>Source Files</Filter>
    </ClCompile>
    <ClCompile Include="src\leetcode\intervals\252_meeting_rooms.cpp">
      <Filter>Source Files</Filter>
    </ClCompile>
    <ClCompile Include="src\leetcode\intervals\253_meeting_rooms_ii.cpp">
      <Filter>Source Files</Filter>
    </ClCompile>
    <ClCompile Include="src\leetcode\math-and-geometry\48_rotate_image.cpp">
      <Filter>Source Files</Filter>
    </ClCompile>
    <ClCompile Include="src\leetcode\math-and-geometry\54_spiral_matrix.cpp">
      <Filter>Source Files</Filter>
    </ClCompile>
    <ClCompile Include="src\leetcode\math-and-geometry\73_set_matrix_zeroes.cpp">
      <Filter>Source Files</Filter>
    </ClCompile>
    <ClCompile Include="src\leetcode\bit-manipulation\191_number_of_1_bits.cpp">
      <Filter>Source Files</Filter>
    </ClCompile>
    <ClCompile Include="src\leetcode\bit-manipulation\338_counting_bits.cpp">
      <Filter>Source Files</Filter>
    </ClCompile>
    <ClCompile Include="src\leetcode\bit-manipulation\190_reverse_bits.cpp">
      <Filter>Source Files</Filter>
    </ClCompile>
    <ClCompile Include="src\leetcode\bit-manipulation\268_missing_number.cpp">
      <Filter>Source Files</Filter>
    </ClCompile>
    <ClCompile Include="src\leetcode\bit-manipulation\371_sum_of_two_integers.cpp">
      <Filter>Source Files</Filter>
    </ClCompile>
  </ItemGroup>
  <ItemGroup>
    <ClInclude Include="include\LeetCode.h">
      <Filter>Header Files</Filter>
    </ClInclude>
    <ClInclude Include="pch.h">
      <Filter>Header Files</Filter>
    </ClInclude>
    <ClInclude Include="include\ListNode.h">
      <Filter>Header Files</Filter>
    </ClInclude>
    <ClInclude Include="include\TreeNode.h">
      <Filter>Header Files</Filter>
    </ClInclude>
    <ClInclude Include="include\Node.h">
      <Filter>Header Files</Filter>
    </ClInclude>
    <ClInclude Include="include\Util.h">
      <Filter>Header Files</Filter>
    </ClInclude>
  </ItemGroup>
</Project>